
Microsoft Visual Studio Solution File, Format Version 12.00
# Visual Studio 15
VisualStudioVersion = 15.0.28010.2046
MinimumVisualStudioVersion = 10.0.40219.1
Project("{9A19103F-16F7-4668-BE54-9A1E7A4F7556}") = "HoroscopeSkill_CSharp", "HoroscopeSkill_CSharp\HoroscopeSkill_CSharp.csproj", "{50402DAA-4027-40F7-BED2-42CB42F9CB20}"
EndProject
Global
	GlobalSection(SolutionConfigurationPlatforms) = preSolution
		Debug|Any CPU = Debug|Any CPU
		Release|Any CPU = Release|Any CPU
	EndGlobalSection
	GlobalSection(ProjectConfigurationPlatforms) = postSolution
		{50402DAA-4027-40F7-BED2-42CB42F9CB20}.Debug|Any CPU.ActiveCfg = Debug|Any CPU
		{50402DAA-4027-40F7-BED2-42CB42F9CB20}.Debug|Any CPU.Build.0 = Debug|Any CPU
		{50402DAA-4027-40F7-BED2-42CB42F9CB20}.Release|Any CPU.ActiveCfg = Release|Any CPU
		{50402DAA-4027-40F7-BED2-42CB42F9CB20}.Release|Any CPU.Build.0 = Release|Any CPU
	EndGlobalSection
	GlobalSection(SolutionProperties) = preSolution
		HideSolutionNode = FALSE
	EndGlobalSection
	GlobalSection(ExtensibilityGlobals) = postSolution
		SolutionGuid = {72A864D3-8A07-4924-B1D7-9B33E4B4F915}
	EndGlobalSection
EndGlobal
